// !$*UTF8*$!
{
	archiveVersion = 1;
	classes = {
	};
	objectVersion = 46;
	objects = {

/* Begin PBXBuildFile section */
		5045FA5F1A6DC9F5001C98EA /* asset.xcassets in Resources */ = {isa = PBXBuildFile; fileRef = 5045FA5E1A6DC9F5001C98EA /* asset.xcassets */; };
		504F093D1A8ABB9600F3A92B /* Crashlytics.framework in Frameworks */ = {isa = PBXBuildFile; fileRef = 504F093B1A8ABB9600F3A92B /* Crashlytics.framework */; };
		504F093E1A8ABB9600F3A92B /* Fabric.framework in Frameworks */ = {isa = PBXBuildFile; fileRef = 504F093C1A8ABB9600F3A92B /* Fabric.framework */; };
		505918131A4BB29E004C4503 /* AddInfoViewController.m in Sources */ = {isa = PBXBuildFile; fileRef = 505918121A4BB29E004C4503 /* AddInfoViewController.m */; };
		505918161A4BB4CD004C4503 /* UserInfoTwoViewController.m in Sources */ = {isa = PBXBuildFile; fileRef = 505918151A4BB4CD004C4503 /* UserInfoTwoViewController.m */; };
		50781C991A6DD78500AA7D71 /* logo_Icon@2x.png in Resources */ = {isa = PBXBuildFile; fileRef = 50781C981A6DD78500AA7D71 /* logo_Icon@2x.png */; };
		509E20CD1A33A8CF005F335B /* main.m in Sources */ = {isa = PBXBuildFile; fileRef = 509E20CC1A33A8CF005F335B /* main.m */; };
		509E20D01A33A8CF005F335B /* AppDelegate.m in Sources */ = {isa = PBXBuildFile; fileRef = 509E20CF1A33A8CF005F335B /* AppDelegate.m */; };
		509E20D31A33A8CF005F335B /* appleWatchHackwich.xcdatamodeld in Sources */ = {isa = PBXBuildFile; fileRef = 509E20D11A33A8CF005F335B /* appleWatchHackwich.xcdatamodeld */; };
		509E20D61A33A8CF005F335B /* ViewController.m in Sources */ = {isa = PBXBuildFile; fileRef = 509E20D51A33A8CF005F335B /* ViewController.m */; };
		509E20D91A33A8CF005F335B /* Main.storyboard in Resources */ = {isa = PBXBuildFile; fileRef = 509E20D71A33A8CF005F335B /* Main.storyboard */; };
		509E20DE1A33A8CF005F335B /* LaunchScreen.xib in Resources */ = {isa = PBXBuildFile; fileRef = 509E20DC1A33A8CF005F335B /* LaunchScreen.xib */; };
		509E20EA1A33A8CF005F335B /* appleWatchHackwichTests.m in Sources */ = {isa = PBXBuildFile; fileRef = 509E20E91A33A8CF005F335B /* appleWatchHackwichTests.m */; };
		509E20F51A33A9EB005F335B /* UserInfoOneViewController.m in Sources */ = {isa = PBXBuildFile; fileRef = 509E20F41A33A9EB005F335B /* UserInfoOneViewController.m */; };
		50A04B3E1A33B91C0001C392 /* WatchKit.framework in Frameworks */ = {isa = PBXBuildFile; fileRef = 50A04B3D1A33B91C0001C392 /* WatchKit.framework */; };
		50A04B451A33B91C0001C392 /* InterfaceController.m in Sources */ = {isa = PBXBuildFile; fileRef = 50A04B441A33B91C0001C392 /* InterfaceController.m */; };
		50A04B481A33B91C0001C392 /* NotificationController.m in Sources */ = {isa = PBXBuildFile; fileRef = 50A04B471A33B91C0001C392 /* NotificationController.m */; };
		50A04B4B1A33B91C0001C392 /* GlanceController.m in Sources */ = {isa = PBXBuildFile; fileRef = 50A04B4A1A33B91C0001C392 /* GlanceController.m */; };
		50A04B4D1A33B91C0001C392 /* Images.xcassets in Resources */ = {isa = PBXBuildFile; fileRef = 50A04B4C1A33B91C0001C392 /* Images.xcassets */; };
		50A04B511A33B91C0001C392 /* appleWatchHackwich Watch App.app in Resources */ = {isa = PBXBuildFile; fileRef = 50A04B501A33B91C0001C392 /* appleWatchHackwich Watch App.app */; };
		50A04B581A33B91C0001C392 /* Interface.storyboard in Resources */ = {isa = PBXBuildFile; fileRef = 50A04B571A33B91C0001C392 /* Interface.storyboard */; };
		50A04B5A1A33B91C0001C392 /* Images.xcassets in Resources */ = {isa = PBXBuildFile; fileRef = 50A04B591A33B91C0001C392 /* Images.xcassets */; };
		50A04B5D1A33B91C0001C392 /* appleWatchHackwich WatchKit Extension.appex in Embed App Extensions */ = {isa = PBXBuildFile; fileRef = 50A04B3B1A33B91C0001C392 /* appleWatchHackwich WatchKit Extension.appex */; settings = {ATTRIBUTES = (RemoveHeadersOnCopy, ); }; };
		50F365E11A8DA23C003A655F /* MoPub.framework in Frameworks */ = {isa = PBXBuildFile; fileRef = 50F365DF1A8DA23C003A655F /* MoPub.framework */; };
		50F365E21A8DA23C003A655F /* MoPub.bundle in Resources */ = {isa = PBXBuildFile; fileRef = 50F365E01A8DA23C003A655F /* MoPub.bundle */; };
		50F750171A4266290024E239 /* Foundation.framework in Frameworks */ = {isa = PBXBuildFile; fileRef = 50F750161A4266290024E239 /* Foundation.framework */; };
/* End PBXBuildFile section */

/* Begin PBXContainerItemProxy section */
		509E20E41A33A8CF005F335B /* PBXContainerItemProxy */ = {
			isa = PBXContainerItemProxy;
			containerPortal = 509E20BF1A33A8CE005F335B /* Project object */;
			proxyType = 1;
			remoteGlobalIDString = 509E20C61A33A8CF005F335B;
			remoteInfo = appleWatchHackwich;
		};
		50A04B521A33B91C0001C392 /* PBXContainerItemProxy */ = {
			isa = PBXContainerItemProxy;
			containerPortal = 509E20BF1A33A8CE005F335B /* Project object */;
			proxyType = 1;
			remoteGlobalIDString = 50A04B4F1A33B91C0001C392;
			remoteInfo = "appleWatchHackwich Watch App";
		};
		50A04B5B1A33B91C0001C392 /* PBXContainerItemProxy */ = {
			isa = PBXContainerItemProxy;
			containerPortal = 509E20BF1A33A8CE005F335B /* Project object */;
			proxyType = 1;
			remoteGlobalIDString = 50A04B3A1A33B91C0001C392;
			remoteInfo = "appleWatchHackwich WatchKit Extension";
		};
/* End PBXContainerItemProxy section */

/* Begin PBXCopyFilesBuildPhase section */
		50A04B641A33B91C0001C392 /* Embed App Extensions */ = {
			isa = PBXCopyFilesBuildPhase;
			buildActionMask = 2147483647;
			dstPath = "";
			dstSubfolderSpec = 13;
			files = (
				50A04B5D1A33B91C0001C392 /* appleWatchHackwich WatchKit Extension.appex in Embed App Extensions */,
			);
			name = "Embed App Extensions";
			runOnlyForDeploymentPostprocessing = 0;
		};
/* End PBXCopyFilesBuildPhase section */

/* Begin PBXFileReference section */
		5045FA5E1A6DC9F5001C98EA /* asset.xcassets */ = {isa = PBXFileReference; lastKnownFileType = folder.assetcatalog; path = asset.xcassets; sourceTree = "<group>"; };
		504F093B1A8ABB9600F3A92B /* Crashlytics.framework */ = {isa = PBXFileReference; lastKnownFileType = wrapper.framework; path = Crashlytics.framework; sourceTree = "<group>"; };
		504F093C1A8ABB9600F3A92B /* Fabric.framework */ = {isa = PBXFileReference; lastKnownFileType = wrapper.framework; path = Fabric.framework; sourceTree = "<group>"; };
		505918111A4BB29E004C4503 /* AddInfoViewController.h */ = {isa = PBXFileReference; fileEncoding = 4; lastKnownFileType = sourcecode.c.h; path = AddInfoViewController.h; sourceTree = "<group>"; };
		505918121A4BB29E004C4503 /* AddInfoViewController.m */ = {isa = PBXFileReference; fileEncoding = 4; lastKnownFileType = sourcecode.c.objc; path = AddInfoViewController.m; sourceTree = "<group>"; };
		505918141A4BB4CD004C4503 /* UserInfoTwoViewController.h */ = {isa = PBXFileReference; fileEncoding = 4; lastKnownFileType = sourcecode.c.h; path = UserInfoTwoViewController.h; sourceTree = "<group>"; };
		505918151A4BB4CD004C4503 /* UserInfoTwoViewController.m */ = {isa = PBXFileReference; fileEncoding = 4; lastKnownFileType = sourcecode.c.objc; path = UserInfoTwoViewController.m; sourceTree = "<group>"; };
		50781C981A6DD78500AA7D71 /* logo_Icon@2x.png */ = {isa = PBXFileReference; lastKnownFileType = image.png; path = "logo_Icon@2x.png"; sourceTree = "<group>"; };
		50830D691A342C1700A3587C /* appleWatchHackwich.entitlements */ = {isa = PBXFileReference; lastKnownFileType = text.xml; path = appleWatchHackwich.entitlements; sourceTree = "<group>"; };
		50830D6A1A3433DD00A3587C /* appleWatchHackwich WatchKit Extension.entitlements */ = {isa = PBXFileReference; lastKnownFileType = text.xml; path = "appleWatchHackwich WatchKit Extension.entitlements"; sourceTree = "<group>"; };
		509E20C71A33A8CF005F335B /* appleWatchHackwich.app */ = {isa = PBXFileReference; explicitFileType = wrapper.application; includeInIndex = 0; path = appleWatchHackwich.app; sourceTree = BUILT_PRODUCTS_DIR; };
		509E20CB1A33A8CF005F335B /* Info.plist */ = {isa = PBXFileReference; lastKnownFileType = text.plist.xml; path = Info.plist; sourceTree = "<group>"; };
		509E20CC1A33A8CF005F335B /* main.m */ = {isa = PBXFileReference; lastKnownFileType = sourcecode.c.objc; path = main.m; sourceTree = "<group>"; };
		509E20CE1A33A8CF005F335B /* AppDelegate.h */ = {isa = PBXFileReference; lastKnownFileType = sourcecode.c.h; path = AppDelegate.h; sourceTree = "<group>"; };
		509E20CF1A33A8CF005F335B /* AppDelegate.m */ = {isa = PBXFileReference; lastKnownFileType = sourcecode.c.objc; path = AppDelegate.m; sourceTree = "<group>"; };
		509E20D21A33A8CF005F335B /* appleWatchHackwich.xcdatamodel */ = {isa = PBXFileReference; lastKnownFileType = wrapper.xcdatamodel; path = appleWatchHackwich.xcdatamodel; sourceTree = "<group>"; };
		509E20D41A33A8CF005F335B /* ViewController.h */ = {isa = PBXFileReference; lastKnownFileType = sourcecode.c.h; path = ViewController.h; sourceTree = "<group>"; };
		509E20D51A33A8CF005F335B /* ViewController.m */ = {isa = PBXFileReference; lastKnownFileType = sourcecode.c.objc; path = ViewController.m; sourceTree = "<group>"; };
		509E20D81A33A8CF005F335B /* Base */ = {isa = PBXFileReference; lastKnownFileType = file.storyboard; name = Base; path = Base.lproj/Main.storyboard; sourceTree = "<group>"; };
		509E20DD1A33A8CF005F335B /* Base */ = {isa = PBXFileReference; lastKnownFileType = file.xib; name = Base; path = Base.lproj/LaunchScreen.xib; sourceTree = "<group>"; };
		509E20E31A33A8CF005F335B /* appleWatchHackwichTests.xctest */ = {isa = PBXFileReference; explicitFileType = wrapper.cfbundle; includeInIndex = 0; path = appleWatchHackwichTests.xctest; sourceTree = BUILT_PRODUCTS_DIR; };
		509E20E81A33A8CF005F335B /* Info.plist */ = {isa = PBXFileReference; lastKnownFileType = text.plist.xml; path = Info.plist; sourceTree = "<group>"; };
		509E20E91A33A8CF005F335B /* appleWatchHackwichTests.m */ = {isa = PBXFileReference; lastKnownFileType = sourcecode.c.objc; path = appleWatchHackwichTests.m; sourceTree = "<group>"; };
		509E20F31A33A9EB005F335B /* UserInfoOneViewController.h */ = {isa = PBXFileReference; fileEncoding = 4; lastKnownFileType = sourcecode.c.h; path = UserInfoOneViewController.h; sourceTree = "<group>"; };
		509E20F41A33A9EB005F335B /* UserInfoOneViewController.m */ = {isa = PBXFileReference; fileEncoding = 4; lastKnownFileType = sourcecode.c.objc; path = UserInfoOneViewController.m; sourceTree = "<group>"; };
		50A04B3B1A33B91C0001C392 /* appleWatchHackwich WatchKit Extension.appex */ = {isa = PBXFileReference; explicitFileType = "wrapper.app-extension"; includeInIndex = 0; path = "appleWatchHackwich WatchKit Extension.appex"; sourceTree = BUILT_PRODUCTS_DIR; };
		50A04B3D1A33B91C0001C392 /* WatchKit.framework */ = {isa = PBXFileReference; lastKnownFileType = wrapper.framework; name = WatchKit.framework; path = System/Library/Frameworks/WatchKit.framework; sourceTree = SDKROOT; };
		50A04B411A33B91C0001C392 /* Info.plist */ = {isa = PBXFileReference; lastKnownFileType = text.plist.xml; path = Info.plist; sourceTree = "<group>"; };
		50A04B421A33B91C0001C392 /* PushNotificationPayload.json */ = {isa = PBXFileReference; lastKnownFileType = text.json; path = PushNotificationPayload.json; sourceTree = "<group>"; };
		50A04B431A33B91C0001C392 /* InterfaceController.h */ = {isa = PBXFileReference; lastKnownFileType = sourcecode.c.h; path = InterfaceController.h; sourceTree = "<group>"; };
		50A04B441A33B91C0001C392 /* InterfaceController.m */ = {isa = PBXFileReference; lastKnownFileType = sourcecode.c.objc; path = InterfaceController.m; sourceTree = "<group>"; };
		50A04B461A33B91C0001C392 /* NotificationController.h */ = {isa = PBXFileReference; lastKnownFileType = sourcecode.c.h; path = NotificationController.h; sourceTree = "<group>"; };
		50A04B471A33B91C0001C392 /* NotificationController.m */ = {isa = PBXFileReference; lastKnownFileType = sourcecode.c.objc; path = NotificationController.m; sourceTree = "<group>"; };
		50A04B491A33B91C0001C392 /* GlanceController.h */ = {isa = PBXFileReference; lastKnownFileType = sourcecode.c.h; path = GlanceController.h; sourceTree = "<group>"; };
		50A04B4A1A33B91C0001C392 /* GlanceController.m */ = {isa = PBXFileReference; lastKnownFileType = sourcecode.c.objc; path = GlanceController.m; sourceTree = "<group>"; };
		50A04B4C1A33B91C0001C392 /* Images.xcassets */ = {isa = PBXFileReference; lastKnownFileType = folder.assetcatalog; path = Images.xcassets; sourceTree = "<group>"; };
		50A04B501A33B91C0001C392 /* appleWatchHackwich Watch App.app */ = {isa = PBXFileReference; explicitFileType = wrapper.application; includeInIndex = 0; path = "appleWatchHackwich Watch App.app"; sourceTree = BUILT_PRODUCTS_DIR; };
		50A04B561A33B91C0001C392 /* Info.plist */ = {isa = PBXFileReference; lastKnownFileType = text.plist.xml; path = Info.plist; sourceTree = "<group>"; };
		50A04B571A33B91C0001C392 /* Interface.storyboard */ = {isa = PBXFileReference; lastKnownFileType = file.storyboard; path = Interface.storyboard; sourceTree = "<group>"; };
		50A04B591A33B91C0001C392 /* Images.xcassets */ = {isa = PBXFileReference; lastKnownFileType = folder.assetcatalog; path = Images.xcassets; sourceTree = "<group>"; };
		50F365DF1A8DA23C003A655F /* MoPub.framework */ = {isa = PBXFileReference; lastKnownFileType = wrapper.framework; path = MoPub.framework; sourceTree = "<group>"; };
		50F365E01A8DA23C003A655F /* MoPub.bundle */ = {isa = PBXFileReference; lastKnownFileType = "wrapper.plug-in"; name = MoPub.bundle; path = MoPub.framework/Versions/A/Resources/MoPub.bundle; sourceTree = "<group>"; };
		50F750161A4266290024E239 /* Foundation.framework */ = {isa = PBXFileReference; lastKnownFileType = wrapper.framework; name = Foundation.framework; path = System/Library/Frameworks/Foundation.framework; sourceTree = SDKROOT; };
/* End PBXFileReference section */

/* Begin PBXFrameworksBuildPhase section */
		509E20C41A33A8CF005F335B /* Frameworks */ = {
			isa = PBXFrameworksBuildPhase;
			buildActionMask = 2147483647;
			files = (
				504F093D1A8ABB9600F3A92B /* Crashlytics.framework in Frameworks */,
				50F750171A4266290024E239 /* Foundation.framework in Frameworks */,
				50F365E11A8DA23C003A655F /* MoPub.framework in Frameworks */,
				504F093E1A8ABB9600F3A92B /* Fabric.framework in Frameworks */,
			);
			runOnlyForDeploymentPostprocessing = 0;
		};
		509E20E01A33A8CF005F335B /* Frameworks */ = {
			isa = PBXFrameworksBuildPhase;
			buildActionMask = 2147483647;
			files = (
			);
			runOnlyForDeploymentPostprocessing = 0;
		};
		50A04B381A33B91C0001C392 /* Frameworks */ = {
			isa = PBXFrameworksBuildPhase;
			buildActionMask = 2147483647;
			files = (
				50A04B3E1A33B91C0001C392 /* WatchKit.framework in Frameworks */,
			);
			runOnlyForDeploymentPostprocessing = 0;
		};
/* End PBXFrameworksBuildPhase section */

/* Begin PBXGroup section */
		509E20BE1A33A8CE005F335B = {
			isa = PBXGroup;
			children = (
				50F365DF1A8DA23C003A655F /* MoPub.framework */,
				50F365E01A8DA23C003A655F /* MoPub.bundle */,
				50781C981A6DD78500AA7D71 /* logo_Icon@2x.png */,
				5045FA5E1A6DC9F5001C98EA /* asset.xcassets */,
				509E20C91A33A8CF005F335B /* appleWatchHackwich */,
				509E20E61A33A8CF005F335B /* appleWatchHackwichTests */,
				50A04B3F1A33B91C0001C392 /* appleWatchHackwich WatchKit Extension */,
				50A04B541A33B91C0001C392 /* appleWatchHackwich Watch App */,
				50A04B3C1A33B91C0001C392 /* Frameworks */,
				509E20C81A33A8CF005F335B /* Products */,
				504F093B1A8ABB9600F3A92B /* Crashlytics.framework */,
				504F093C1A8ABB9600F3A92B /* Fabric.framework */,
			);
			sourceTree = "<group>";
		};
		509E20C81A33A8CF005F335B /* Products */ = {
			isa = PBXGroup;
			children = (
				509E20C71A33A8CF005F335B /* appleWatchHackwich.app */,
				509E20E31A33A8CF005F335B /* appleWatchHackwichTests.xctest */,
				50A04B3B1A33B91C0001C392 /* appleWatchHackwich WatchKit Extension.appex */,
				50A04B501A33B91C0001C392 /* appleWatchHackwich Watch App.app */,
			);
			name = Products;
			sourceTree = "<group>";
		};
		509E20C91A33A8CF005F335B /* appleWatchHackwich */ = {
			isa = PBXGroup;
			children = (
				50830D691A342C1700A3587C /* appleWatchHackwich.entitlements */,
				509E20CE1A33A8CF005F335B /* AppDelegate.h */,
				509E20CF1A33A8CF005F335B /* AppDelegate.m */,
				509E20D71A33A8CF005F335B /* Main.storyboard */,
				509EA49B1A59FFF50051E385 /* VC */,
				509EA49C1A59FFFC0051E385 /* AddInfoVC */,
				509EA49D1A5A00080051E385 /* UI1VC */,
				509EA49E1A5A00110051E385 /* UI2VC */,
				509E20DC1A33A8CF005F335B /* LaunchScreen.xib */,
				509E20D11A33A8CF005F335B /* appleWatchHackwich.xcdatamodeld */,
				509E20CA1A33A8CF005F335B /* Supporting Files */,
			);
			path = appleWatchHackwich;
			sourceTree = "<group>";
		};
		509E20CA1A33A8CF005F335B /* Supporting Files */ = {
			isa = PBXGroup;
			children = (
				509E20CB1A33A8CF005F335B /* Info.plist */,
				509E20CC1A33A8CF005F335B /* main.m */,
			);
			name = "Supporting Files";
			sourceTree = "<group>";
		};
		509E20E61A33A8CF005F335B /* appleWatchHackwichTests */ = {
			isa = PBXGroup;
			children = (
				509E20E91A33A8CF005F335B /* appleWatchHackwichTests.m */,
				509E20E71A33A8CF005F335B /* Supporting Files */,
			);
			path = appleWatchHackwichTests;
			sourceTree = "<group>";
		};
		509E20E71A33A8CF005F335B /* Supporting Files */ = {
			isa = PBXGroup;
			children = (
				509E20E81A33A8CF005F335B /* Info.plist */,
			);
			name = "Supporting Files";
			sourceTree = "<group>";
		};
		509EA49B1A59FFF50051E385 /* VC */ = {
			isa = PBXGroup;
			children = (
				509E20D41A33A8CF005F335B /* ViewController.h */,
				509E20D51A33A8CF005F335B /* ViewController.m */,
			);
			name = VC;
			sourceTree = "<group>";
		};
		509EA49C1A59FFFC0051E385 /* AddInfoVC */ = {
			isa = PBXGroup;
			children = (
				505918111A4BB29E004C4503 /* AddInfoViewController.h */,
				505918121A4BB29E004C4503 /* AddInfoViewController.m */,
			);
			name = AddInfoVC;
			sourceTree = "<group>";
		};
		509EA49D1A5A00080051E385 /* UI1VC */ = {
			isa = PBXGroup;
			children = (
				509E20F31A33A9EB005F335B /* UserInfoOneViewController.h */,
				509E20F41A33A9EB005F335B /* UserInfoOneViewController.m */,
			);
			name = UI1VC;
			sourceTree = "<group>";
		};
		509EA49E1A5A00110051E385 /* UI2VC */ = {
			isa = PBXGroup;
			children = (
				505918141A4BB4CD004C4503 /* UserInfoTwoViewController.h */,
				505918151A4BB4CD004C4503 /* UserInfoTwoViewController.m */,
			);
			name = UI2VC;
			sourceTree = "<group>";
		};
		50A04B3C1A33B91C0001C392 /* Frameworks */ = {
			isa = PBXGroup;
			children = (
				50F750161A4266290024E239 /* Foundation.framework */,
				50A04B3D1A33B91C0001C392 /* WatchKit.framework */,
			);
			name = Frameworks;
			sourceTree = "<group>";
		};
		50A04B3F1A33B91C0001C392 /* appleWatchHackwich WatchKit Extension */ = {
			isa = PBXGroup;
			children = (
				50830D6A1A3433DD00A3587C /* appleWatchHackwich WatchKit Extension.entitlements */,
				50A04B431A33B91C0001C392 /* InterfaceController.h */,
				50A04B441A33B91C0001C392 /* InterfaceController.m */,
				50A04B461A33B91C0001C392 /* NotificationController.h */,
				50A04B471A33B91C0001C392 /* NotificationController.m */,
				50A04B491A33B91C0001C392 /* GlanceController.h */,
				50A04B4A1A33B91C0001C392 /* GlanceController.m */,
				50A04B4C1A33B91C0001C392 /* Images.xcassets */,
				50A04B401A33B91C0001C392 /* Supporting Files */,
			);
			path = "appleWatchHackwich WatchKit Extension";
			sourceTree = "<group>";
		};
		50A04B401A33B91C0001C392 /* Supporting Files */ = {
			isa = PBXGroup;
			children = (
				50A04B411A33B91C0001C392 /* Info.plist */,
				50A04B421A33B91C0001C392 /* PushNotificationPayload.json */,
			);
			name = "Supporting Files";
			sourceTree = "<group>";
		};
		50A04B541A33B91C0001C392 /* appleWatchHackwich Watch App */ = {
			isa = PBXGroup;
			children = (
				50A04B571A33B91C0001C392 /* Interface.storyboard */,
				50A04B591A33B91C0001C392 /* Images.xcassets */,
				50A04B551A33B91C0001C392 /* Supporting Files */,
			);
			path = "appleWatchHackwich Watch App";
			sourceTree = "<group>";
		};
		50A04B551A33B91C0001C392 /* Supporting Files */ = {
			isa = PBXGroup;
			children = (
				50A04B561A33B91C0001C392 /* Info.plist */,
			);
			name = "Supporting Files";
			sourceTree = "<group>";
		};
/* End PBXGroup section */

/* Begin PBXNativeTarget section */
		509E20C61A33A8CF005F335B /* appleWatchHackwich */ = {
			isa = PBXNativeTarget;
			buildConfigurationList = 509E20ED1A33A8CF005F335B /* Build configuration list for PBXNativeTarget "appleWatchHackwich" */;
			buildPhases = (
				509E20C31A33A8CF005F335B /* Sources */,
				509E20C41A33A8CF005F335B /* Frameworks */,
				509E20C51A33A8CF005F335B /* Resources */,
				50A04B641A33B91C0001C392 /* Embed App Extensions */,
				504F093A1A8ABB3000F3A92B /* ShellScript */,
			);
			buildRules = (
			);
			dependencies = (
				50A04B5C1A33B91C0001C392 /* PBXTargetDependency */,
			);
			name = appleWatchHackwich;
			productName = appleWatchHackwich;
			productReference = 509E20C71A33A8CF005F335B /* appleWatchHackwich.app */;
			productType = "com.apple.product-type.application";
		};
		509E20E21A33A8CF005F335B /* appleWatchHackwichTests */ = {
			isa = PBXNativeTarget;
			buildConfigurationList = 509E20F01A33A8CF005F335B /* Build configuration list for PBXNativeTarget "appleWatchHackwichTests" */;
			buildPhases = (
				509E20DF1A33A8CF005F335B /* Sources */,
				509E20E01A33A8CF005F335B /* Frameworks */,
				509E20E11A33A8CF005F335B /* Resources */,
			);
			buildRules = (
			);
			dependencies = (
				509E20E51A33A8CF005F335B /* PBXTargetDependency */,
			);
			name = appleWatchHackwichTests;
			productName = appleWatchHackwichTests;
			productReference = 509E20E31A33A8CF005F335B /* appleWatchHackwichTests.xctest */;
			productType = "com.apple.product-type.bundle.unit-test";
		};
		50A04B3A1A33B91C0001C392 /* appleWatchHackwich WatchKit Extension */ = {
			isa = PBXNativeTarget;
			buildConfigurationList = 50A04B631A33B91C0001C392 /* Build configuration list for PBXNativeTarget "appleWatchHackwich WatchKit Extension" */;
			buildPhases = (
				50A04B371A33B91C0001C392 /* Sources */,
				50A04B381A33B91C0001C392 /* Frameworks */,
				50A04B391A33B91C0001C392 /* Resources */,
			);
			buildRules = (
			);
			dependencies = (
				50A04B531A33B91C0001C392 /* PBXTargetDependency */,
			);
			name = "appleWatchHackwich WatchKit Extension";
			productName = "appleWatchHackwich WatchKit Extension";
			productReference = 50A04B3B1A33B91C0001C392 /* appleWatchHackwich WatchKit Extension.appex */;
			productType = "com.apple.product-type.watchkit-extension";
		};
		50A04B4F1A33B91C0001C392 /* appleWatchHackwich Watch App */ = {
			isa = PBXNativeTarget;
			buildConfigurationList = 50A04B621A33B91C0001C392 /* Build configuration list for PBXNativeTarget "appleWatchHackwich Watch App" */;
			buildPhases = (
				50A04B4E1A33B91C0001C392 /* Resources */,
			);
			buildRules = (
			);
			dependencies = (
			);
			name = "appleWatchHackwich Watch App";
			productName = "appleWatchHackwich Watch App";
			productReference = 50A04B501A33B91C0001C392 /* appleWatchHackwich Watch App.app */;
			productType = "com.apple.product-type.application.watchapp";
		};
/* End PBXNativeTarget section */

/* Begin PBXProject section */
		509E20BF1A33A8CE005F335B /* Project object */ = {
			isa = PBXProject;
			attributes = {
				LastUpgradeCheck = 0620;
				ORGANIZATIONNAME = "Albert Saucedo";
				TargetAttributes = {
					509E20C61A33A8CF005F335B = {
						CreatedOnToolsVersion = 6.2;
						DevelopmentTeam = 36MM5W3VDB;
						SystemCapabilities = {
							com.apple.ApplicationGroups.iOS = {
								enabled = 1;
							};
						};
					};
					509E20E21A33A8CF005F335B = {
						CreatedOnToolsVersion = 6.2;
						TestTargetID = 509E20C61A33A8CF005F335B;
					};
					50A04B3A1A33B91C0001C392 = {
						CreatedOnToolsVersion = 6.2;
						DevelopmentTeam = 36MM5W3VDB;
						SystemCapabilities = {
							com.apple.ApplicationGroups.iOS = {
								enabled = 1;
							};
						};
					};
					50A04B4F1A33B91C0001C392 = {
						CreatedOnToolsVersion = 6.2;
						DevelopmentTeam = 36MM5W3VDB;
					};
				};
			};
			buildConfigurationList = 509E20C21A33A8CE005F335B /* Build configuration list for PBXProject "appleWatchHackwich" */;
			compatibilityVersion = "Xcode 3.2";
			developmentRegion = English;
			hasScannedForEncodings = 0;
			knownRegions = (
				en,
				Base,
			);
			mainGroup = 509E20BE1A33A8CE005F335B;
			productRefGroup = 509E20C81A33A8CF005F335B /* Products */;
			projectDirPath = "";
			projectRoot = "";
			targets = (
				509E20C61A33A8CF005F335B /* appleWatchHackwich */,
				509E20E21A33A8CF005F335B /* appleWatchHackwichTests */,
				50A04B3A1A33B91C0001C392 /* appleWatchHackwich WatchKit Extension */,
				50A04B4F1A33B91C0001C392 /* appleWatchHackwich Watch App */,
			);
		};
/* End PBXProject section */

/* Begin PBXResourcesBuildPhase section */
		509E20C51A33A8CF005F335B /* Resources */ = {
			isa = PBXResourcesBuildPhase;
			buildActionMask = 2147483647;
			files = (
				509E20D91A33A8CF005F335B /* Main.storyboard in Resources */,
				509E20DE1A33A8CF005F335B /* LaunchScreen.xib in Resources */,
				50F365E21A8DA23C003A655F /* MoPub.bundle in Resources */,
				50781C991A6DD78500AA7D71 /* logo_Icon@2x.png in Resources */,
				5045FA5F1A6DC9F5001C98EA /* asset.xcassets in Resources */,
			);
			runOnlyForDeploymentPostprocessing = 0;
		};
		509E20E11A33A8CF005F335B /* Resources */ = {
			isa = PBXResourcesBuildPhase;
			buildActionMask = 2147483647;
			files = (
			);
			runOnlyForDeploymentPostprocessing = 0;
		};
		50A04B391A33B91C0001C392 /* Resources */ = {
			isa = PBXResourcesBuildPhase;
			buildActionMask = 2147483647;
			files = (
				50A04B511A33B91C0001C392 /* appleWatchHackwich Watch App.app in Resources */,
				50A04B4D1A33B91C0001C392 /* Images.xcassets in Resources */,
			);
			runOnlyForDeploymentPostprocessing = 0;
		};
		50A04B4E1A33B91C0001C392 /* Resources */ = {
			isa = PBXResourcesBuildPhase;
			buildActionMask = 2147483647;
			files = (
				50A04B581A33B91C0001C392 /* Interface.storyboard in Resources */,
				50A04B5A1A33B91C0001C392 /* Images.xcassets in Resources */,
			);
			runOnlyForDeploymentPostprocessing = 0;
		};
/* End PBXResourcesBuildPhase section */

/* Begin PBXShellScriptBuildPhase section */
		504F093A1A8ABB3000F3A92B /* ShellScript */ = {
			isa = PBXShellScriptBuildPhase;
			buildActionMask = 2147483647;
			files = (
			);
			inputPaths = (
			);
			outputPaths = (
			);
			runOnlyForDeploymentPostprocessing = 0;
			shellPath = /bin/sh;
			shellScript = "./Fabric.framework/run 53e608051a794bd8ce7a6b60808bbb6ad2019544 81e1c7ec34a2d10e2f4e3625fa74a339fd00467cc99a04e8bd1173c078b3dd00";
		};
/* End PBXShellScriptBuildPhase section */

/* Begin PBXSourcesBuildPhase section */
		509E20C31A33A8CF005F335B /* Sources */ = {
			isa = PBXSourcesBuildPhase;
			buildActionMask = 2147483647;
			files = (
				509E20F51A33A9EB005F335B /* UserInfoOneViewController.m in Sources */,
				505918161A4BB4CD004C4503 /* UserInfoTwoViewController.m in Sources */,
				509E20D01A33A8CF005F335B /* AppDelegate.m in Sources */,
				509E20D31A33A8CF005F335B /* appleWatchHackwich.xcdatamodeld in Sources */,
				509E20D61A33A8CF005F335B /* ViewController.m in Sources */,
				505918131A4BB29E004C4503 /* AddInfoViewController.m in Sources */,
				509E20CD1A33A8CF005F335B /* main.m in Sources */,
			);
			runOnlyForDeploymentPostprocessing = 0;
		};
		509E20DF1A33A8CF005F335B /* Sources */ = {
			isa = PBXSourcesBuildPhase;
			buildActionMask = 2147483647;
			files = (
				509E20EA1A33A8CF005F335B /* appleWatchHackwichTests.m in Sources */,
			);
			runOnlyForDeploymentPostprocessing = 0;
		};
		50A04B371A33B91C0001C392 /* Sources */ = {
			isa = PBXSourcesBuildPhase;
			buildActionMask = 2147483647;
			files = (
				50A04B481A33B91C0001C392 /* NotificationController.m in Sources */,
				50A04B451A33B91C0001C392 /* InterfaceController.m in Sources */,
				50A04B4B1A33B91C0001C392 /* GlanceController.m in Sources */,
			);
			runOnlyForDeploymentPostprocessing = 0;
		};
/* End PBXSourcesBuildPhase section */

/* Begin PBXTargetDependency section */
		509E20E51A33A8CF005F335B /* PBXTargetDependency */ = {
			isa = PBXTargetDependency;
			target = 509E20C61A33A8CF005F335B /* appleWatchHackwich */;
			targetProxy = 509E20E41A33A8CF005F335B /* PBXContainerItemProxy */;
		};
		50A04B531A33B91C0001C392 /* PBXTargetDependency */ = {
			isa = PBXTargetDependency;
			target = 50A04B4F1A33B91C0001C392 /* appleWatchHackwich Watch App */;
			targetProxy = 50A04B521A33B91C0001C392 /* PBXContainerItemProxy */;
		};
		50A04B5C1A33B91C0001C392 /* PBXTargetDependency */ = {
			isa = PBXTargetDependency;
			target = 50A04B3A1A33B91C0001C392 /* appleWatchHackwich WatchKit Extension */;
			targetProxy = 50A04B5B1A33B91C0001C392 /* PBXContainerItemProxy */;
		};
/* End PBXTargetDependency section */

/* Begin PBXVariantGroup section */
		509E20D71A33A8CF005F335B /* Main.storyboard */ = {
			isa = PBXVariantGroup;
			children = (
				509E20D81A33A8CF005F335B /* Base */,
			);
			name = Main.storyboard;
			sourceTree = "<group>";
		};
		509E20DC1A33A8CF005F335B /* LaunchScreen.xib */ = {
			isa = PBXVariantGroup;
			children = (
				509E20DD1A33A8CF005F335B /* Base */,
			);
			name = LaunchScreen.xib;
			sourceTree = "<group>";
		};
/* End PBXVariantGroup section */

/* Begin XCBuildConfiguration section */
		509E20EB1A33A8CF005F335B /* Debug */ = {
			isa = XCBuildConfiguration;
			buildSettings = {
				ALWAYS_SEARCH_USER_PATHS = NO;
				CLANG_CXX_LANGUAGE_STANDARD = "gnu++0x";
				CLANG_CXX_LIBRARY = "libc++";
				CLANG_ENABLE_MODULES = YES;
				CLANG_ENABLE_OBJC_ARC = YES;
				CLANG_WARN_BOOL_CONVERSION = YES;
				CLANG_WARN_CONSTANT_CONVERSION = YES;
				CLANG_WARN_DIRECT_OBJC_ISA_USAGE = YES_ERROR;
				CLANG_WARN_EMPTY_BODY = YES;
				CLANG_WARN_ENUM_CONVERSION = YES;
				CLANG_WARN_INT_CONVERSION = YES;
				CLANG_WARN_OBJC_ROOT_CLASS = YES_ERROR;
				CLANG_WARN_UNREACHABLE_CODE = YES;
				CLANG_WARN__DUPLICATE_METHOD_MATCH = YES;
				"CODE_SIGN_IDENTITY[sdk=iphoneos*]" = "iPhone Developer";
				COPY_PHASE_STRIP = NO;
				ENABLE_STRICT_OBJC_MSGSEND = YES;
				GCC_C_LANGUAGE_STANDARD = gnu99;
				GCC_DYNAMIC_NO_PIC = NO;
				GCC_OPTIMIZATION_LEVEL = 0;
				GCC_PREPROCESSOR_DEFINITIONS = (
					"DEBUG=1",
					"$(inherited)",
				);
				GCC_SYMBOLS_PRIVATE_EXTERN = NO;
				GCC_WARN_64_TO_32_BIT_CONVERSION = YES;
				GCC_WARN_ABOUT_RETURN_TYPE = YES_ERROR;
				GCC_WARN_UNDECLARED_SELECTOR = YES;
				GCC_WARN_UNINITIALIZED_AUTOS = YES_AGGRESSIVE;
				GCC_WARN_UNUSED_FUNCTION = YES;
				GCC_WARN_UNUSED_VARIABLE = YES;
				IPHONEOS_DEPLOYMENT_TARGET = 8.2;
				MTL_ENABLE_DEBUG_INFO = YES;
				ONLY_ACTIVE_ARCH = YES;
				SDKROOT = iphoneos;
			};
			name = Debug;
		};
		509E20EC1A33A8CF005F335B /* Release */ = {
			isa = XCBuildConfiguration;
			buildSettings = {
				ALWAYS_SEARCH_USER_PATHS = NO;
				CLANG_CXX_LANGUAGE_STANDARD = "gnu++0x";
				CLANG_CXX_LIBRARY = "libc++";
				CLANG_ENABLE_MODULES = YES;
				CLANG_ENABLE_OBJC_ARC = YES;
				CLANG_WARN_BOOL_CONVERSION = YES;
				CLANG_WARN_CONSTANT_CONVERSION = YES;
				CLANG_WARN_DIRECT_OBJC_ISA_USAGE = YES_ERROR;
				CLANG_WARN_EMPTY_BODY = YES;
				CLANG_WARN_ENUM_CONVERSION = YES;
				CLANG_WARN_INT_CONVERSION = YES;
				CLANG_WARN_OBJC_ROOT_CLASS = YES_ERROR;
				CLANG_WARN_UNREACHABLE_CODE = YES;
				CLANG_WARN__DUPLICATE_METHOD_MATCH = YES;
				"CODE_SIGN_IDENTITY[sdk=iphoneos*]" = "iPhone Developer";
				COPY_PHASE_STRIP = YES;
				ENABLE_NS_ASSERTIONS = NO;
				ENABLE_STRICT_OBJC_MSGSEND = YES;
				GCC_C_LANGUAGE_STANDARD = gnu99;
				GCC_WARN_64_TO_32_BIT_CONVERSION = YES;
				GCC_WARN_ABOUT_RETURN_TYPE = YES_ERROR;
				GCC_WARN_UNDECLARED_SELECTOR = YES;
				GCC_WARN_UNINITIALIZED_AUTOS = YES_AGGRESSIVE;
				GCC_WARN_UNUSED_FUNCTION = YES;
				GCC_WARN_UNUSED_VARIABLE = YES;
				IPHONEOS_DEPLOYMENT_TARGET = 8.2;
				MTL_ENABLE_DEBUG_INFO = NO;
				SDKROOT = iphoneos;
				VALIDATE_PRODUCT = YES;
			};
			name = Release;
		};
		509E20EE1A33A8CF005F335B /* Debug */ = {
			isa = XCBuildConfiguration;
			buildSettings = {
				ASSETCATALOG_COMPILER_APPICON_NAME = AppIcon;
				CODE_SIGN_ENTITLEMENTS = appleWatchHackwich/appleWatchHackwich.entitlements;
				CODE_SIGN_IDENTITY = "iPhone Developer";
				"CODE_SIGN_IDENTITY[sdk=iphoneos*]" = "iPhone Developer";
				FRAMEWORK_SEARCH_PATHS = (
					"$(inherited)",
					"$(PROJECT_DIR)",
				);
				INFOPLIST_FILE = appleWatchHackwich/Info.plist;
				IPHONEOS_DEPLOYMENT_TARGET = 8.0;
				LD_RUNPATH_SEARCH_PATHS = "$(inherited) @executable_path/Frameworks";
				PRODUCT_NAME = "$(TARGET_NAME)";
				PROVISIONING_PROFILE = "";
			};
			name = Debug;
		};
		509E20EF1A33A8CF005F335B /* Release */ = {
			isa = XCBuildConfiguration;
			buildSettings = {
				ASSETCATALOG_COMPILER_APPICON_NAME = AppIcon;
				CODE_SIGN_ENTITLEMENTS = appleWatchHackwich/appleWatchHackwich.entitlements;
				CODE_SIGN_IDENTITY = "iPhone Developer";
				"CODE_SIGN_IDENTITY[sdk=iphoneos*]" = "iPhone Developer";
				FRAMEWORK_SEARCH_PATHS = (
					"$(inherited)",
					"$(PROJECT_DIR)",
				);
				INFOPLIST_FILE = appleWatchHackwich/Info.plist;
				IPHONEOS_DEPLOYMENT_TARGET = 8.0;
				LD_RUNPATH_SEARCH_PATHS = "$(inherited) @executable_path/Frameworks";
				PRODUCT_NAME = "$(TARGET_NAME)";
				PROVISIONING_PROFILE = "";
			};
			name = Release;
		};
		509E20F11A33A8CF005F335B /* Debug */ = {
			isa = XCBuildConfiguration;
			buildSettings = {
				BUNDLE_LOADER = "$(TEST_HOST)";
				FRAMEWORK_SEARCH_PATHS = (
					"$(SDKROOT)/Developer/Library/Frameworks",
					"$(inherited)",
				);
				GCC_PREPROCESSOR_DEFINITIONS = (
					"DEBUG=1",
					"$(inherited)",
				);
				INFOPLIST_FILE = appleWatchHackwichTests/Info.plist;
				IPHONEOS_DEPLOYMENT_TARGET = 8.1;
				LD_RUNPATH_SEARCH_PATHS = "$(inherited) @executable_path/Frameworks @loader_path/Frameworks";
				PRODUCT_NAME = "$(TARGET_NAME)";
				TEST_HOST = "$(BUILT_PRODUCTS_DIR)/appleWatchHackwich.app/appleWatchHackwich";
			};
			name = Debug;
		};
		509E20F21A33A8CF005F335B /* Release */ = {
			isa = XCBuildConfiguration;
			buildSettings = {
				BUNDLE_LOADER = "$(TEST_HOST)";
				FRAMEWORK_SEARCH_PATHS = (
					"$(SDKROOT)/Developer/Library/Frameworks",
					"$(inherited)",
				);
				INFOPLIST_FILE = appleWatchHackwichTests/Info.plist;
				IPHONEOS_DEPLOYMENT_TARGET = 8.1;
				LD_RUNPATH_SEARCH_PATHS = "$(inherited) @executable_path/Frameworks @loader_path/Frameworks";
				PRODUCT_NAME = "$(TARGET_NAME)";
				TEST_HOST = "$(BUILT_PRODUCTS_DIR)/appleWatchHackwich.app/appleWatchHackwich";
			};
			name = Release;
		};
		50A04B5E1A33B91C0001C392 /* Debug */ = {
			isa = XCBuildConfiguration;
			buildSettings = {
				CODE_SIGN_ENTITLEMENTS = "appleWatchHackwich WatchKit Extension/appleWatchHackwich WatchKit Extension.entitlements";
				CODE_SIGN_IDENTITY = "iPhone Developer";
				"CODE_SIGN_IDENTITY[sdk=iphoneos*]" = "iPhone Developer";
				GCC_PREPROCESSOR_DEFINITIONS = (
					"DEBUG=1",
					"$(inherited)",
				);
				INFOPLIST_FILE = "appleWatchHackwich WatchKit Extension/Info.plist";
				IPHONEOS_DEPLOYMENT_TARGET = 8.1;
				LD_RUNPATH_SEARCH_PATHS = "$(inherited) @executable_path/Frameworks @executable_path/../../Frameworks";
				PRODUCT_NAME = "${TARGET_NAME}";
				PROVISIONING_PROFILE = "";
				SKIP_INSTALL = YES;
				TARGETED_DEVICE_FAMILY = "1,2";
			};
			name = Debug;
		};
		50A04B5F1A33B91C0001C392 /* Release */ = {
			isa = XCBuildConfiguration;
			buildSettings = {
				CODE_SIGN_ENTITLEMENTS = "appleWatchHackwich WatchKit Extension/appleWatchHackwich WatchKit Extension.entitlements";
				CODE_SIGN_IDENTITY = "iPhone Developer";
				"CODE_SIGN_IDENTITY[sdk=iphoneos*]" = "iPhone Developer";
				INFOPLIST_FILE = "appleWatchHackwich WatchKit Extension/Info.plist";
				IPHONEOS_DEPLOYMENT_TARGET = 8.1;
				LD_RUNPATH_SEARCH_PATHS = "$(inherited) @executable_path/Frameworks @executable_path/../../Frameworks";
				PRODUCT_NAME = "${TARGET_NAME}";
				PROVISIONING_PROFILE = "";
				SKIP_INSTALL = YES;
				TARGETED_DEVICE_FAMILY = "1,2";
			};
			name = Release;
		};
		50A04B601A33B91C0001C392 /* Debug */ = {
			isa = XCBuildConfiguration;
			buildSettings = {
				ASSETCATALOG_COMPILER_APPICON_NAME = AppIcon;
				ASSETCATALOG_COMPILER_LAUNCHIMAGE_NAME = LaunchImage;
				CODE_SIGN_IDENTITY = "iPhone Developer";
				"CODE_SIGN_IDENTITY[sdk=iphoneos*]" = "iPhone Developer";
				GCC_PREPROCESSOR_DEFINITIONS = (
					"DEBUG=1",
					"$(inherited)",
				);
				IBSC_MODULE = appleWatchHackwich_WatchKit_Extension;
				INFOPLIST_FILE = "appleWatchHackwich Watch App/Info.plist";
				IPHONEOS_DEPLOYMENT_TARGET = 8.1;
				PRODUCT_NAME = "$(TARGET_NAME)";
				PROVISIONING_PROFILE = "";
				SKIP_INSTALL = YES;
				TARGETED_DEVICE_FAMILY = 4;
				"TARGETED_DEVICE_FAMILY[sdk=iphonesimulator*]" = "1,4";
			};
			name = Debug;
		};
		50A04B611A33B91C0001C392 /* Release */ = {
			isa = XCBuildConfiguration;
			buildSettings = {
				ASSETCATALOG_COMPILER_APPICON_NAME = AppIcon;
				ASSETCATALOG_COMPILER_LAUNCHIMAGE_NAME = LaunchImage;
				CODE_SIGN_IDENTITY = "iPhone Developer";
				"CODE_SIGN_IDENTITY[sdk=iphoneos*]" = "iPhone Developer";
				IBSC_MODULE = appleWatchHackwich_WatchKit_Extension;
				INFOPLIST_FILE = "appleWatchHackwich Watch App/Info.plist";
				IPHONEOS_DEPLOYMENT_TARGET = 8.1;
				PRODUCT_NAME = "$(TARGET_NAME)";
				PROVISIONING_PROFILE = "";
				SKIP_INSTALL = YES;
				TARGETED_DEVICE_FAMILY = 4;
				"TARGETED_DEVICE_FAMILY[sdk=iphonesimulator*]" = "1,4";
			};
			name = Release;
		};
/* End XCBuildConfiguration section */

/* Begin XCConfigurationList section */
		509E20C21A33A8CE005F335B /* Build configuration list for PBXProject "appleWatchHackwich" */ = {
			isa = XCConfigurationList;
			buildConfigurations = (
				509E20EB1A33A8CF005F335B /* Debug */,
				509E20EC1A33A8CF005F335B /* Release */,
			);
			defaultConfigurationIsVisible = 0;
			defaultConfigurationName = Release;
		};
		509E20ED1A33A8CF005F335B /* Build configuration list for PBXNativeTarget "appleWatchHackwich" */ = {
			isa = XCConfigurationList;
			buildConfigurations = (
				509E20EE1A33A8CF005F335B /* Debug */,
				509E20EF1A33A8CF005F335B /* Release */,
			);
			defaultConfigurationIsVisible = 0;
			defaultConfigurationName = Release;
		};
		509E20F01A33A8CF005F335B /* Build configuration list for PBXNativeTarget "appleWatchHackwichTests" */ = {
			isa = XCConfigurationList;
			buildConfigurations = (
				509E20F11A33A8CF005F335B /* Debug */,
				509E20F21A33A8CF005F335B /* Release */,
			);
			defaultConfigurationIsVisible = 0;
			defaultConfigurationName = Release;
		};
		50A04B621A33B91C0001C392 /* Build configuration list for PBXNativeTarget "appleWatchHackwich Watch App" */ = {
			isa = XCConfigurationList;
			buildConfigurations = (
				50A04B601A33B91C0001C392 /* Debug */,
				50A04B611A33B91C0001C392 /* Release */,
			);
			defaultConfigurationIsVisible = 0;
			defaultConfigurationName = Release;
		};
		50A04B631A33B91C0001C392 /* Build configuration list for PBXNativeTarget "appleWatchHackwich WatchKit Extension" */ = {
			isa = XCConfigurationList;
			buildConfigurations = (
				50A04B5E1A33B91C0001C392 /* Debug */,
				50A04B5F1A33B91C0001C392 /* Release */,
			);
			defaultConfigurationIsVisible = 0;
			defaultConfigurationName = Release;
		};
/* End XCConfigurationList section */

/* Begin XCVersionGroup section */
		509E20D11A33A8CF005F335B /* appleWatchHackwich.xcdatamodeld */ = {
			isa = XCVersionGroup;
			children = (
				509E20D21A33A8CF005F335B /* appleWatchHackwich.xcdatamodel */,
			);
			currentVersion = 509E20D21A33A8CF005F335B /* appleWatchHackwich.xcdatamodel */;
			path = appleWatchHackwich.xcdatamodeld;
			sourceTree = "<group>";
			versionGroupType = wrapper.xcdatamodel;
		};
/* End XCVersionGroup section */
	};
	rootObject = 509E20BF1A33A8CE005F335B /* Project object */;
}
